
Microsoft Visual Studio Solution File, Format Version 12.00
# Visual Studio Version 17
VisualStudioVersion = 17.14.36221.1 d17.14
MinimumVisualStudioVersion = 10.0.40219.1
Project("{FAE04EC0-301F-11D3-BF4B-00C04F79EFBC}") = "Exam", "Exam\Exam.csproj", "{695DD9ED-5953-4C40-ADDB-B93C76B5B1D5}"
EndProject
Global
	GlobalSection(SolutionConfigurationPlatforms) = preSolution
		Debug|Any CPU = Debug|Any CPU
		Release|Any CPU = Release|Any CPU
	EndGlobalSection
	GlobalSection(ProjectConfigurationPlatforms) = postSolution
		{695DD9ED-5953-4C40-ADDB-B93C76B5B1D5}.Debug|Any CPU.ActiveCfg = Debug|Any CPU
		{695DD9ED-5953-4C40-ADDB-B93C76B5B1D5}.Debug|Any CPU.Build.0 = Debug|Any CPU
		{695DD9ED-5953-4C40-ADDB-B93C76B5B1D5}.Release|Any CPU.ActiveCfg = Release|Any CPU
		{695DD9ED-5953-4C40-ADDB-B93C76B5B1D5}.Release|Any CPU.Build.0 = Release|Any CPU
	EndGlobalSection
	GlobalSection(SolutionProperties) = preSolution
		HideSolutionNode = FALSE
	EndGlobalSection
	GlobalSection(ExtensibilityGlobals) = postSolution
		SolutionGuid = {9A8C3C6F-64A0-4BE5-8869-7DFF63C122EF}
	EndGlobalSection
EndGlobal
